// !$*UTF8*$!
{
	archiveVersion = 1;
	classes = {
	};
	objectVersion = 46;
	objects = {

/* Begin PBXBuildFile section */
		0493DC2F1E3A5A0700EFD01F /* main.m in Sources */ = {isa = PBXBuildFile; fileRef = 0493DC2E1E3A5A0700EFD01F /* main.m */; };
		0493DC321E3A5A0700EFD01F /* AppDelegate.m in Sources */ = {isa = PBXBuildFile; fileRef = 0493DC311E3A5A0700EFD01F /* AppDelegate.m */; };
		0493DC351E3A5A0700EFD01F /* ViewController.m in Sources */ = {isa = PBXBuildFile; fileRef = 0493DC341E3A5A0700EFD01F /* ViewController.m */; };
		0493DC381E3A5A0700EFD01F /* Main.storyboard in Resources */ = {isa = PBXBuildFile; fileRef = 0493DC361E3A5A0700EFD01F /* Main.storyboard */; };
		0493DC3A1E3A5A0700EFD01F /* Assets.xcassets in Resources */ = {isa = PBXBuildFile; fileRef = 0493DC391E3A5A0700EFD01F /* Assets.xcassets */; };
		0493DC3D1E3A5A0700EFD01F /* LaunchScreen.storyboard in Resources */ = {isa = PBXBuildFile; fileRef = 0493DC3B1E3A5A0700EFD01F /* LaunchScreen.storyboard */; };
/* End PBXBuildFile section */

/* Begin PBXFileReference section */
		0493DC2A1E3A5A0700EFD01F /* BSParallaxTableViewHeader.app */ = {isa = PBXFileReference; explicitFileType = wrapper.application; includeInIndex = 0; path = BSParallaxTableViewHeader.app; sourceTree = BUILT_PRODUCTS_DIR; };
		0493DC2E1E3A5A0700EFD01F /* main.m */ = {isa = PBXFileReference; lastKnownFileType = sourcecode.c.objc; path = main.m; sourceTree = "<group>"; };
		0493DC301E3A5A0700EFD01F /* AppDelegate.h */ = {isa = PBXFileReference; lastKnownFileType = sourcecode.c.h; path = AppDelegate.h; sourceTree = "<group>"; };
		0493DC311E3A5A0700EFD01F /* AppDelegate.m */ = {isa = PBXFileReference; lastKnownFileType = sourcecode.c.objc; path = AppDelegate.m; sourceTree = "<group>"; };
		0493DC331E3A5A0700EFD01F /* ViewController.h */ = {isa = PBXFileReference; lastKnownFileType = sourcecode.c.h; path = ViewController.h; sourceTree = "<group>"; };
		0493DC341E3A5A0700EFD01F /* ViewController.m */ = {isa = PBXFileReference; lastKnownFileType = sourcecode.c.objc; path = ViewController.m; sourceTree = "<group>"; };
		0493DC371E3A5A0700EFD01F /* Base */ = {isa = PBXFileReference; lastKnownFileType = file.storyboard; name = Base; path = Base.lproj/Main.storyboard; sourceTree = "<group>"; };
		0493DC391E3A5A0700EFD01F /* Assets.xcassets */ = {isa = PBXFileReference; lastKnownFileType = folder.assetcatalog; path = Assets.xcassets; sourceTree = "<group>"; };
		0493DC3C1E3A5A0700EFD01F /* Base */ = {isa = PBXFileReference; lastKnownFileType = file.storyboard; name = Base; path = Base.lproj/LaunchScreen.storyboard; sourceTree = "<group>"; };
		0493DC3E1E3A5A0700EFD01F /* Info.plist */ = {isa = PBXFileReference; lastKnownFileType = text.plist.xml; path = Info.plist; sourceTree = "<group>"; };
/* End PBXFileReference section */

/* Begin PBXFrameworksBuildPhase section */
		0493DC271E3A5A0700EFD01F /* Frameworks */ = {
			isa = PBXFrameworksBuildPhase;
			buildActionMask = 2147483647;
			files = (
			);
			runOnlyForDeploymentPostprocessing = 0;
		};
/* End PBXFrameworksBuildPhase section */

/* Begin PBXGroup section */
		0493DC211E3A5A0600EFD01F = {
			isa = PBXGroup;
			children = (
				0493DC2C1E3A5A0700EFD01F /* BSParallaxTableViewHeader */,
				0493DC2B1E3A5A0700EFD01F /* Products */,
			);
			sourceTree = "<group>";
		};
		0493DC2B1E3A5A0700EFD01F /* Products */ = {
			isa = PBXGroup;
			children = (
				0493DC2A1E3A5A0700EFD01F /* BSParallaxTableViewHeader.app */,
			);
			name = Products;
			sourceTree = "<group>";
		};
		0493DC2C1E3A5A0700EFD01F /* BSParallaxTableViewHeader */ = {
			isa = PBXGroup;
			children = (
				0493DC301E3A5A0700EFD01F /* AppDelegate.h */,
				0493DC311E3A5A0700EFD01F /* AppDelegate.m */,
				0493DC331E3A5A0700EFD01F /* ViewController.h */,
				0493DC341E3A5A0700EFD01F /* ViewController.m */,
				0493DC361E3A5A0700EFD01F /* Main.storyboard */,
				0493DC391E3A5A0700EFD01F /* Assets.xcassets */,
				0493DC3B1E3A5A0700EFD01F /* LaunchScreen.storyboard */,
				0493DC3E1E3A5A0700EFD01F /* Info.plist */,
				0493DC2D1E3A5A0700EFD01F /* Supporting Files */,
			);
			path = BSParallaxTableViewHeader;
			sourceTree = "<group>";
		};
		0493DC2D1E3A5A0700EFD01F /* Supporting Files */ = {
			isa = PBXGroup;
			children = (
				0493DC2E1E3A5A0700EFD01F /* main.m */,
			);
			name = "Supporting Files";
			sourceTree = "<group>";
		};
/* End PBXGroup section */

/* Begin PBXNativeTarget section */
		0493DC291E3A5A0700EFD01F /* BSParallaxTableViewHeader */ = {
			isa = PBXNativeTarget;
			buildConfigurationList = 0493DC411E3A5A0700EFD01F /* Build configuration list for PBXNativeTarget "BSParallaxTableViewHeader" */;
			buildPhases = (
				0493DC261E3A5A0700EFD01F /* Sources */,
				0493DC271E3A5A0700EFD01F /* Frameworks */,
				0493DC281E3A5A0700EFD01F /* Resources */,
			);
			buildRules = (
			);
			dependencies = (
			);
			name = BSParallaxTableViewHeader;
			productName = BSParallaxTableViewHeader;
			productReference = 0493DC2A1E3A5A0700EFD01F /* BSParallaxTableViewHeader.app */;
			productType = "com.apple.product-type.application";
		};
/* End PBXNativeTarget section */

/* Begin PBXProject section */
		0493DC221E3A5A0600EFD01F /* Project object */ = {
			isa = PBXProject;
			attributes = {
				LastUpgradeCheck = 0800;
				ORGANIZATIONNAME = Bigsun;
				TargetAttributes = {
					0493DC291E3A5A0700EFD01F = {
						CreatedOnToolsVersion = 8.0;
						DevelopmentTeam = 76X7GRK948;
						ProvisioningStyle = Automatic;
					};
				};
			};
			buildConfigurationList = 0493DC251E3A5A0700EFD01F /* Build configuration list for PBXProject "BSParallaxTableViewHeader" */;
			compatibilityVersion = "Xcode 3.2";
			developmentRegion = English;
			hasScannedForEncodings = 0;
			knownRegions = (
				en,
				Base,
			);
			mainGroup = 0493DC211E3A5A0600EFD01F;
			productRefGroup = 0493DC2B1E3A5A0700EFD01F /* Products */;
			projectDirPath = "";
			projectRoot = "";
			targets = (
				0493DC291E3A5A0700EFD01F /* BSParallaxTableViewHeader */,
			);
		};
/* End PBXProject section */

/* Begin PBXResourcesBuildPhase section */
		0493DC281E3A5A0700EFD01F /* Resources */ = {
			isa = PBXResourcesBuildPhase;
			buildActionMask = 2147483647;
			files = (
				0493DC3D1E3A5A0700EFD01F /* LaunchScreen.storyboard in Resources */,
				0493DC3A1E3A5A0700EFD01F /* Assets.xcassets in Resources */,
				0493DC381E3A5A0700EFD01F /* Main.storyboard in Resources */,
			);
			runOnlyForDeploymentPostprocessing = 0;
		};
/* End PBXResourcesBuildPhase section */

/* Begin PBXSourcesBuildPhase section */
		0493DC261E3A5A0700EFD01F /* Sources */ = {
			isa = PBXSourcesBuildPhase;
			buildActionMask = 2147483647;
			files = (
				0493DC351E3A5A0700EFD01F /* ViewController.m in Sources */,
				0493DC321E3A5A0700EFD01F /* AppDelegate.m in Sources */,
				0493DC2F1E3A5A0700EFD01F /* main.m in Sources */,
			);
			runOnlyForDeploymentPostprocessing = 0;
		};
/* End PBXSourcesBuildPhase section */

/* Begin PBXVariantGroup section */
		0493DC361E3A5A0700EFD01F /* Main.storyboard */ = {
			isa = PBXVariantGroup;
			children = (
				0493DC371E3A5A0700EFD01F /* Base */,
			);
			name = Main.storyboard;
			sourceTree = "<group>";
		};
		0493DC3B1E3A5A0700EFD01F /* LaunchScreen.storyboard */ = {
			isa = PBXVariantGroup;
			children = (
				0493DC3C1E3A5A0700EFD01F /* Base */,
			);
			name = LaunchScreen.storyboard;
			sourceTree = "<group>";
		};
/* End PBXVariantGroup section */

/* Begin XCBuildConfiguration section */
		0493DC3F1E3A5A0700EFD01F /* Debug */ = {
			isa = XCBuildConfiguration;
			buildSettings = {
				ALWAYS_SEARCH_USER_PATHS = NO;
				CLANG_ANALYZER_NONNULL = YES;
				CLANG_CXX_LANGUAGE_STANDARD = "gnu++0x";
				CLANG_CXX_LIBRARY = "libc++";
				CLANG_ENABLE_MODULES = YES;
				CLANG_ENABLE_OBJC_ARC = YES;
				CLANG_WARN_BOOL_CONVERSION = YES;
				CLANG_WARN_CONSTANT_CONVERSION = YES;
				CLANG_WARN_DIRECT_OBJC_ISA_USAGE = YES_ERROR;
				CLANG_WARN_DOCUMENTATION_COMMENTS = YES;
				CLANG_WARN_EMPTY_BODY = YES;
				CLANG_WARN_ENUM_CONVERSION = YES;
				CLANG_WARN_INFINITE_RECURSION = YES;
				CLANG_WARN_INT_CONVERSION = YES;
				CLANG_WARN_OBJC_ROOT_CLASS = YES_ERROR;
				CLANG_WARN_SUSPICIOUS_MOVES = YES;
				CLANG_WARN_UNREACHABLE_CODE = YES;
				CLANG_WARN__DUPLICATE_METHOD_MATCH = YES;
				"CODE_SIGN_IDENTITY[sdk=iphoneos*]" = "iPhone Developer";
				COPY_PHASE_STRIP = NO;
				DEBUG_INFORMATION_FORMAT = dwarf;
				ENABLE_STRICT_OBJC_MSGSEND = YES;
				ENABLE_TESTABILITY = YES;
				GCC_C_LANGUAGE_STANDARD = gnu99;
				GCC_DYNAMIC_NO_PIC = NO;
				GCC_NO_COMMON_BLOCKS = YES;
				GCC_OPTIMIZATION_LEVEL = 0;
				GCC_PREPROCESSOR_DEFINITIONS = (
					"DEBUG=1",
					"$(inherited)",
				);
				GCC_WARN_64_TO_32_BIT_CONVERSION = YES;
				GCC_WARN_ABOUT_RETURN_TYPE = YES_ERROR;
				GCC_WARN_UNDECLARED_SELECTOR = YES;
				GCC_WARN_UNINITIALIZED_AUTOS = YES_AGGRESSIVE;
				GCC_WARN_UNUSED_FUNCTION = YES;
				GCC_WARN_UNUSED_VARIABLE = YES;
				IPHONEOS_DEPLOYMENT_TARGET = 10.0;
				MTL_ENABLE_DEBUG_INFO = YES;
				ONLY_ACTIVE_ARCH = YES;
				SDKROOT = iphoneos;
				TARGETED_DEVICE_FAMILY = "1,2";
			};
			name = Debug;
		};
		0493DC401E3A5A0700EFD01F /* Release */ = {
			isa = XCBuildConfiguration;
			buildSettings = {
				ALWAYS_SEARCH_USER_PATHS = NO;
				CLANG_ANALYZER_NONNULL = YES;
				CLANG_CXX_LANGUAGE_STANDARD = "gnu++0x";
				CLANG_CXX_LIBRARY = "libc++";
				CLANG_ENABLE_MODULES = YES;
				CLANG_ENABLE_OBJC_ARC = YES;
				CLANG_WARN_BOOL_CONVERSION = YES;
				CLANG_WARN_CONSTANT_CONVERSION = YES;
				CLANG_WARN_DIRECT_OBJC_ISA_USAGE = YES_ERROR;
				CLANG_WARN_DOCUMENTATION_COMMENTS = YES;
				CLANG_WARN_EMPTY_BODY = YES;
				CLANG_WARN_ENUM_CONVERSION = YES;
				CLANG_WARN_INFINITE_RECURSION = YES;
				CLANG_WARN_INT_CONVERSION = YES;
				CLANG_WARN_OBJC_ROOT_CLASS = YES_ERROR;
				CLANG_WARN_SUSPICIOUS_MOVES = YES;
				CLANG_WARN_UNREACHABLE_CODE = YES;
				CLANG_WARN__DUPLICATE_METHOD_MATCH = YES;
				"CODE_SIGN_IDENTITY[sdk=iphoneos*]" = "iPhone Developer";
				COPY_PHASE_STRIP = NO;
				DEBUG_INFORMATION_FORMAT = "dwarf-with-dsym";
				ENABLE_NS_ASSERTIONS = NO;
				ENABLE_STRICT_OBJC_MSGSEND = YES;
				GCC_C_LANGUAGE_STANDARD = gnu99;
				GCC_NO_COMMON_BLOCKS = YES;
				GCC_WARN_64_TO_32_BIT_CONVERSION = YES;
				GCC_WARN_ABOUT_RETURN_TYPE = YES_ERROR;
				GCC_WARN_UNDECLARED_SELECTOR = YES;
				GCC_WARN_UNINITIALIZED_AUTOS = YES_AGGRESSIVE;
				GCC_WARN_UNUSED_FUNCTION = YES;
				GCC_WARN_UNUSED_VARIABLE = YES;
				IPHONEOS_DEPLOYMENT_TARGET = 10.0;
				MTL_ENABLE_DEBUG_INFO = NO;
				SDKROOT = iphoneos;
				TARGETED_DEVICE_FAMILY = "1,2";
				VALIDATE_PRODUCT = YES;
			};
			name = Release;
		};
		0493DC421E3A5A0700EFD01F /* Debug */ = {
			isa = XCBuildConfiguration;
			buildSettings = {
				ASSETCATALOG_COMPILER_APPICON_NAME = AppIcon;
				DEVELOPMENT_TEAM = 76X7GRK948;
				INFOPLIST_FILE = BSParallaxTableViewHeader/Info.plist;
				LD_RUNPATH_SEARCH_PATHS = "$(inherited) @executable_path/Frameworks";
				PRODUCT_BUNDLE_IDENTIFIER = com.Bigsun.BSParallaxTableViewHeader;
				PRODUCT_NAME = "$(TARGET_NAME)";
			};
			name = Debug;
		};
		0493DC431E3A5A0700EFD01F /* Release */ = {
			isa = XCBuildConfiguration;
			buildSettings = {
				ASSETCATALOG_COMPILER_APPICON_NAME = AppIcon;
				DEVELOPMENT_TEAM = 76X7GRK948;
				INFOPLIST_FILE = BSParallaxTableViewHeader/Info.plist;
				LD_RUNPATH_SEARCH_PATHS = "$(inherited) @executable_path/Frameworks";
				PRODUCT_BUNDLE_IDENTIFIER = com.Bigsun.BSParallaxTableViewHeader;
				PRODUCT_NAME = "$(TARGET_NAME)";
			};
			name = Release;
		};
/* End XCBuildConfiguration section */

/* Begin XCConfigurationList section */
		0493DC251E3A5A0700EFD01F /* Build configuration list for PBXProject "BSParallaxTableViewHeader" */ = {
			isa = XCConfigurationList;
			buildConfigurations = (
				0493DC3F1E3A5A0700EFD01F /* Debug */,
				0493DC401E3A5A0700EFD01F /* Release */,
			);
			defaultConfigurationIsVisible = 0;
			defaultConfigurationName = Release;
		};
		0493DC411E3A5A0700EFD01F /* Build configuration list for PBXNativeTarget "BSParallaxTableViewHeader" */ = {
			isa = XCConfigurationList;
			buildConfigurations = (
				0493DC421E3A5A0700EFD01F /* Debug */,
				0493DC431E3A5A0700EFD01F /* Release */,
			);
			defaultConfigurationIsVisible = 0;
		};
/* End XCConfigurationList section */
	};
	rootObject = 0493DC221E3A5A0600EFD01F /* Project object */;
}
